
Microsoft Visual Studio Solution File, Format Version 12.00
# Visual Studio 15
VisualStudioVersion = 15.0.28010.2026
MinimumVisualStudioVersion = 10.0.40219.1
Project("{FAE04EC0-301F-11D3-BF4B-00C04F79EFBC}") = "HFJH", "HFJH\HFJH.csproj", "{FFCE619B-6E18-45CD-9E86-8109ED09C400}"
EndProject
Global
	GlobalSection(SolutionConfigurationPlatforms) = preSolution
		Debug|Any CPU = Debug|Any CPU
		Release|Any CPU = Release|Any CPU
	EndGlobalSection
	GlobalSection(ProjectConfigurationPlatforms) = postSolution
		{FFCE619B-6E18-45CD-9E86-8109ED09C400}.Debug|Any CPU.ActiveCfg = Debug|Any CPU
		{FFCE619B-6E18-45CD-9E86-8109ED09C400}.Debug|Any CPU.Build.0 = Debug|Any CPU
		{FFCE619B-6E18-45CD-9E86-8109ED09C400}.Release|Any CPU.ActiveCfg = Release|Any CPU
		{FFCE619B-6E18-45CD-9E86-8109ED09C400}.Release|Any CPU.Build.0 = Release|Any CPU
	EndGlobalSection
	GlobalSection(SolutionProperties) = preSolution
		HideSolutionNode = FALSE
	EndGlobalSection
	GlobalSection(ExtensibilityGlobals) = postSolution
		SolutionGuid = {5190853B-57A9-48CF-A14B-EC3841287652}
	EndGlobalSection
EndGlobal
